// !$*UTF8*$!
{
	archiveVersion = 1;
	classes = {
	};
	objectVersion = 50;
	objects = {

/* Begin PBXBuildFile section */
		959C660C2652D8F0002B5FBF /* ApuntesDeClaseApp.swift in Sources */ = {isa = PBXBuildFile; fileRef = 959C660B2652D8F0002B5FBF /* ApuntesDeClaseApp.swift */; };
		959C660E2652D8F0002B5FBF /* ContentView.swift in Sources */ = {isa = PBXBuildFile; fileRef = 959C660D2652D8F0002B5FBF /* ContentView.swift */; };
		959C66102652D8F1002B5FBF /* Assets.xcassets in Resources */ = {isa = PBXBuildFile; fileRef = 959C660F2652D8F1002B5FBF /* Assets.xcassets */; };
		959C66132652D8F1002B5FBF /* Preview Assets.xcassets in Resources */ = {isa = PBXBuildFile; fileRef = 959C66122652D8F1002B5FBF /* Preview Assets.xcassets */; };
		959C661E2652D8F1002B5FBF /* ApuntesDeClaseTests.swift in Sources */ = {isa = PBXBuildFile; fileRef = 959C661D2652D8F1002B5FBF /* ApuntesDeClaseTests.swift */; };
		959C66292652D8F1002B5FBF /* ApuntesDeClaseUITests.swift in Sources */ = {isa = PBXBuildFile; fileRef = 959C66282652D8F1002B5FBF /* ApuntesDeClaseUITests.swift */; };
/* End PBXBuildFile section */

/* Begin PBXContainerItemProxy section */
		959C661A2652D8F1002B5FBF /* PBXContainerItemProxy */ = {
			isa = PBXContainerItemProxy;
			containerPortal = 959C66002652D8F0002B5FBF /* Project object */;
			proxyType = 1;
			remoteGlobalIDString = 959C66072652D8F0002B5FBF;
			remoteInfo = ApuntesDeClase;
		};
		959C66252652D8F1002B5FBF /* PBXContainerItemProxy */ = {
			isa = PBXContainerItemProxy;
			containerPortal = 959C66002652D8F0002B5FBF /* Project object */;
			proxyType = 1;
			remoteGlobalIDString = 959C66072652D8F0002B5FBF;
			remoteInfo = ApuntesDeClase;
		};
/* End PBXContainerItemProxy section */

/* Begin PBXFileReference section */
		959C66082652D8F0002B5FBF /* ApuntesDeClase.app */ = {isa = PBXFileReference; explicitFileType = wrapper.application; includeInIndex = 0; path = ApuntesDeClase.app; sourceTree = BUILT_PRODUCTS_DIR; };
		959C660B2652D8F0002B5FBF /* ApuntesDeClaseApp.swift */ = {isa = PBXFileReference; lastKnownFileType = sourcecode.swift; path = ApuntesDeClaseApp.swift; sourceTree = "<group>"; };
		959C660D2652D8F0002B5FBF /* ContentView.swift */ = {isa = PBXFileReference; lastKnownFileType = sourcecode.swift; path = ContentView.swift; sourceTree = "<group>"; };
		959C660F2652D8F1002B5FBF /* Assets.xcassets */ = {isa = PBXFileReference; lastKnownFileType = folder.assetcatalog; path = Assets.xcassets; sourceTree = "<group>"; };
		959C66122652D8F1002B5FBF /* Preview Assets.xcassets */ = {isa = PBXFileReference; lastKnownFileType = folder.assetcatalog; path = "Preview Assets.xcassets"; sourceTree = "<group>"; };
		959C66142652D8F1002B5FBF /* Info.plist */ = {isa = PBXFileReference; lastKnownFileType = text.plist.xml; path = Info.plist; sourceTree = "<group>"; };
		959C66192652D8F1002B5FBF /* ApuntesDeClaseTests.xctest */ = {isa = PBXFileReference; explicitFileType = wrapper.cfbundle; includeInIndex = 0; path = ApuntesDeClaseTests.xctest; sourceTree = BUILT_PRODUCTS_DIR; };
		959C661D2652D8F1002B5FBF /* ApuntesDeClaseTests.swift */ = {isa = PBXFileReference; lastKnownFileType = sourcecode.swift; path = ApuntesDeClaseTests.swift; sourceTree = "<group>"; };
		959C661F2652D8F1002B5FBF /* Info.plist */ = {isa = PBXFileReference; lastKnownFileType = text.plist.xml; path = Info.plist; sourceTree = "<group>"; };
		959C66242652D8F1002B5FBF /* ApuntesDeClaseUITests.xctest */ = {isa = PBXFileReference; explicitFileType = wrapper.cfbundle; includeInIndex = 0; path = ApuntesDeClaseUITests.xctest; sourceTree = BUILT_PRODUCTS_DIR; };
		959C66282652D8F1002B5FBF /* ApuntesDeClaseUITests.swift */ = {isa = PBXFileReference; lastKnownFileType = sourcecode.swift; path = ApuntesDeClaseUITests.swift; sourceTree = "<group>"; };
		959C662A2652D8F1002B5FBF /* Info.plist */ = {isa = PBXFileReference; lastKnownFileType = text.plist.xml; path = Info.plist; sourceTree = "<group>"; };
/* End PBXFileReference section */

/* Begin PBXFrameworksBuildPhase section */
		959C66052652D8F0002B5FBF /* Frameworks */ = {
			isa = PBXFrameworksBuildPhase;
			buildActionMask = 2147483647;
			files = (
			);
			runOnlyForDeploymentPostprocessing = 0;
		};
		959C66162652D8F1002B5FBF /* Frameworks */ = {
			isa = PBXFrameworksBuildPhase;
			buildActionMask = 2147483647;
			files = (
			);
			runOnlyForDeploymentPostprocessing = 0;
		};
		959C66212652D8F1002B5FBF /* Frameworks */ = {
			isa = PBXFrameworksBuildPhase;
			buildActionMask = 2147483647;
			files = (
			);
			runOnlyForDeploymentPostprocessing = 0;
		};
/* End PBXFrameworksBuildPhase section */

/* Begin PBXGroup section */
		959C65FF2652D8F0002B5FBF = {
			isa = PBXGroup;
			children = (
				959C660A2652D8F0002B5FBF /* ApuntesDeClase */,
				959C661C2652D8F1002B5FBF /* ApuntesDeClaseTests */,
				959C66272652D8F1002B5FBF /* ApuntesDeClaseUITests */,
				959C66092652D8F0002B5FBF /* Products */,
			);
			sourceTree = "<group>";
		};
		959C66092652D8F0002B5FBF /* Products */ = {
			isa = PBXGroup;
			children = (
				959C66082652D8F0002B5FBF /* ApuntesDeClase.app */,
				959C66192652D8F1002B5FBF /* ApuntesDeClaseTests.xctest */,
				959C66242652D8F1002B5FBF /* ApuntesDeClaseUITests.xctest */,
			);
			name = Products;
			sourceTree = "<group>";
		};
		959C660A2652D8F0002B5FBF /* ApuntesDeClase */ = {
			isa = PBXGroup;
			children = (
				959C660B2652D8F0002B5FBF /* ApuntesDeClaseApp.swift */,
				959C660D2652D8F0002B5FBF /* ContentView.swift */,
				959C660F2652D8F1002B5FBF /* Assets.xcassets */,
				959C66142652D8F1002B5FBF /* Info.plist */,
				959C66112652D8F1002B5FBF /* Preview Content */,
			);
			path = ApuntesDeClase;
			sourceTree = "<group>";
		};
		959C66112652D8F1002B5FBF /* Preview Content */ = {
			isa = PBXGroup;
			children = (
				959C66122652D8F1002B5FBF /* Preview Assets.xcassets */,
			);
			path = "Preview Content";
			sourceTree = "<group>";
		};
		959C661C2652D8F1002B5FBF /* ApuntesDeClaseTests */ = {
			isa = PBXGroup;
			children = (
				959C661D2652D8F1002B5FBF /* ApuntesDeClaseTests.swift */,
				959C661F2652D8F1002B5FBF /* Info.plist */,
			);
			path = ApuntesDeClaseTests;
			sourceTree = "<group>";
		};
		959C66272652D8F1002B5FBF /* ApuntesDeClaseUITests */ = {
			isa = PBXGroup;
			children = (
				959C66282652D8F1002B5FBF /* ApuntesDeClaseUITests.swift */,
				959C662A2652D8F1002B5FBF /* Info.plist */,
			);
			path = ApuntesDeClaseUITests;
			sourceTree = "<group>";
		};
/* End PBXGroup section */

/* Begin PBXNativeTarget section */
		959C66072652D8F0002B5FBF /* ApuntesDeClase */ = {
			isa = PBXNativeTarget;
			buildConfigurationList = 959C662D2652D8F1002B5FBF /* Build configuration list for PBXNativeTarget "ApuntesDeClase" */;
			buildPhases = (
				959C66042652D8F0002B5FBF /* Sources */,
				959C66052652D8F0002B5FBF /* Frameworks */,
				959C66062652D8F0002B5FBF /* Resources */,
			);
			buildRules = (
			);
			dependencies = (
			);
			name = ApuntesDeClase;
			productName = ApuntesDeClase;
			productReference = 959C66082652D8F0002B5FBF /* ApuntesDeClase.app */;
			productType = "com.apple.product-type.application";
		};
		959C66182652D8F1002B5FBF /* ApuntesDeClaseTests */ = {
			isa = PBXNativeTarget;
			buildConfigurationList = 959C66302652D8F1002B5FBF /* Build configuration list for PBXNativeTarget "ApuntesDeClaseTests" */;
			buildPhases = (
				959C66152652D8F1002B5FBF /* Sources */,
				959C66162652D8F1002B5FBF /* Frameworks */,
				959C66172652D8F1002B5FBF /* Resources */,
			);
			buildRules = (
			);
			dependencies = (
				959C661B2652D8F1002B5FBF /* PBXTargetDependency */,
			);
			name = ApuntesDeClaseTests;
			productName = ApuntesDeClaseTests;
			productReference = 959C66192652D8F1002B5FBF /* ApuntesDeClaseTests.xctest */;
			productType = "com.apple.product-type.bundle.unit-test";
		};
		959C66232652D8F1002B5FBF /* ApuntesDeClaseUITests */ = {
			isa = PBXNativeTarget;
			buildConfigurationList = 959C66332652D8F1002B5FBF /* Build configuration list for PBXNativeTarget "ApuntesDeClaseUITests" */;
			buildPhases = (
				959C66202652D8F1002B5FBF /* Sources */,
				959C66212652D8F1002B5FBF /* Frameworks */,
				959C66222652D8F1002B5FBF /* Resources */,
			);
			buildRules = (
			);
			dependencies = (
				959C66262652D8F1002B5FBF /* PBXTargetDependency */,
			);
			name = ApuntesDeClaseUITests;
			productName = ApuntesDeClaseUITests;
			productReference = 959C66242652D8F1002B5FBF /* ApuntesDeClaseUITests.xctest */;
			productType = "com.apple.product-type.bundle.ui-testing";
		};
/* End PBXNativeTarget section */

/* Begin PBXProject section */
		959C66002652D8F0002B5FBF /* Project object */ = {
			isa = PBXProject;
			attributes = {
				LastSwiftUpdateCheck = 1250;
				LastUpgradeCheck = 1250;
				TargetAttributes = {
					959C66072652D8F0002B5FBF = {
						CreatedOnToolsVersion = 12.5;
					};
					959C66182652D8F1002B5FBF = {
						CreatedOnToolsVersion = 12.5;
						TestTargetID = 959C66072652D8F0002B5FBF;
					};
					959C66232652D8F1002B5FBF = {
						CreatedOnToolsVersion = 12.5;
						TestTargetID = 959C66072652D8F0002B5FBF;
					};
				};
			};
			buildConfigurationList = 959C66032652D8F0002B5FBF /* Build configuration list for PBXProject "ApuntesDeClase" */;
			compatibilityVersion = "Xcode 9.3";
			developmentRegion = en;
			hasScannedForEncodings = 0;
			knownRegions = (
				en,
				Base,
			);
			mainGroup = 959C65FF2652D8F0002B5FBF;
			productRefGroup = 959C66092652D8F0002B5FBF /* Products */;
			projectDirPath = "";
			projectRoot = "";
			targets = (
				959C66072652D8F0002B5FBF /* ApuntesDeClase */,
				959C66182652D8F1002B5FBF /* ApuntesDeClaseTests */,
				959C66232652D8F1002B5FBF /* ApuntesDeClaseUITests */,
			);
		};
/* End PBXProject section */

/* Begin PBXResourcesBuildPhase section */
		959C66062652D8F0002B5FBF /* Resources */ = {
			isa = PBXResourcesBuildPhase;
			buildActionMask = 2147483647;
			files = (
				959C66132652D8F1002B5FBF /* Preview Assets.xcassets in Resources */,
				959C66102652D8F1002B5FBF /* Assets.xcassets in Resources */,
			);
			runOnlyForDeploymentPostprocessing = 0;
		};
		959C66172652D8F1002B5FBF /* Resources */ = {
			isa = PBXResourcesBuildPhase;
			buildActionMask = 2147483647;
			files = (
			);
			runOnlyForDeploymentPostprocessing = 0;
		};
		959C66222652D8F1002B5FBF /* Resources */ = {
			isa = PBXResourcesBuildPhase;
			buildActionMask = 2147483647;
			files = (
			);
			runOnlyForDeploymentPostprocessing = 0;
		};
/* End PBXResourcesBuildPhase section */

/* Begin PBXSourcesBuildPhase section */
		959C66042652D8F0002B5FBF /* Sources */ = {
			isa = PBXSourcesBuildPhase;
			buildActionMask = 2147483647;
			files = (
				959C660E2652D8F0002B5FBF /* ContentView.swift in Sources */,
				959C660C2652D8F0002B5FBF /* ApuntesDeClaseApp.swift in Sources */,
			);
			runOnlyForDeploymentPostprocessing = 0;
		};
		959C66152652D8F1002B5FBF /* Sources */ = {
			isa = PBXSourcesBuildPhase;
			buildActionMask = 2147483647;
			files = (
				959C661E2652D8F1002B5FBF /* ApuntesDeClaseTests.swift in Sources */,
			);
			runOnlyForDeploymentPostprocessing = 0;
		};
		959C66202652D8F1002B5FBF /* Sources */ = {
			isa = PBXSourcesBuildPhase;
			buildActionMask = 2147483647;
			files = (
				959C66292652D8F1002B5FBF /* ApuntesDeClaseUITests.swift in Sources */,
			);
			runOnlyForDeploymentPostprocessing = 0;
		};
/* End PBXSourcesBuildPhase section */

/* Begin PBXTargetDependency section */
		959C661B2652D8F1002B5FBF /* PBXTargetDependency */ = {
			isa = PBXTargetDependency;
			target = 959C66072652D8F0002B5FBF /* ApuntesDeClase */;
			targetProxy = 959C661A2652D8F1002B5FBF /* PBXContainerItemProxy */;
		};
		959C66262652D8F1002B5FBF /* PBXTargetDependency */ = {
			isa = PBXTargetDependency;
			target = 959C66072652D8F0002B5FBF /* ApuntesDeClase */;
			targetProxy = 959C66252652D8F1002B5FBF /* PBXContainerItemProxy */;
		};
/* End PBXTargetDependency section */

/* Begin XCBuildConfiguration section */
		959C662B2652D8F1002B5FBF /* Debug */ = {
			isa = XCBuildConfiguration;
			buildSettings = {
				ALWAYS_SEARCH_USER_PATHS = NO;
				CLANG_ANALYZER_NONNULL = YES;
				CLANG_ANALYZER_NUMBER_OBJECT_CONVERSION = YES_AGGRESSIVE;
				CLANG_CXX_LANGUAGE_STANDARD = "gnu++14";
				CLANG_CXX_LIBRARY = "libc++";
				CLANG_ENABLE_MODULES = YES;
				CLANG_ENABLE_OBJC_ARC = YES;
				CLANG_ENABLE_OBJC_WEAK = YES;
				CLANG_WARN_BLOCK_CAPTURE_AUTORELEASING = YES;
				CLANG_WARN_BOOL_CONVERSION = YES;
				CLANG_WARN_COMMA = YES;
				CLANG_WARN_CONSTANT_CONVERSION = YES;
				CLANG_WARN_DEPRECATED_OBJC_IMPLEMENTATIONS = YES;
				CLANG_WARN_DIRECT_OBJC_ISA_USAGE = YES_ERROR;
				CLANG_WARN_DOCUMENTATION_COMMENTS = YES;
				CLANG_WARN_EMPTY_BODY = YES;
				CLANG_WARN_ENUM_CONVERSION = YES;
				CLANG_WARN_INFINITE_RECURSION = YES;
				CLANG_WARN_INT_CONVERSION = YES;
				CLANG_WARN_NON_LITERAL_NULL_CONVERSION = YES;
				CLANG_WARN_OBJC_IMPLICIT_RETAIN_SELF = YES;
				CLANG_WARN_OBJC_LITERAL_CONVERSION = YES;
				CLANG_WARN_OBJC_ROOT_CLASS = YES_ERROR;
				CLANG_WARN_QUOTED_INCLUDE_IN_FRAMEWORK_HEADER = YES;
				CLANG_WARN_RANGE_LOOP_ANALYSIS = YES;
				CLANG_WARN_STRICT_PROTOTYPES = YES;
				CLANG_WARN_SUSPICIOUS_MOVE = YES;
				CLANG_WARN_UNGUARDED_AVAILABILITY = YES_AGGRESSIVE;
				CLANG_WARN_UNREACHABLE_CODE = YES;
				CLANG_WARN__DUPLICATE_METHOD_MATCH = YES;
				COPY_PHASE_STRIP = NO;
				DEBUG_INFORMATION_FORMAT = dwarf;
				ENABLE_STRICT_OBJC_MSGSEND = YES;
				ENABLE_TESTABILITY = YES;
				GCC_C_LANGUAGE_STANDARD = gnu11;
				GCC_DYNAMIC_NO_PIC = NO;
				GCC_NO_COMMON_BLOCKS = YES;
				GCC_OPTIMIZATION_LEVEL = 0;
				GCC_PREPROCESSOR_DEFINITIONS = (
					"DEBUG=1",
					"$(inherited)",
				);
				GCC_WARN_64_TO_32_BIT_CONVERSION = YES;
				GCC_WARN_ABOUT_RETURN_TYPE = YES_ERROR;
				GCC_WARN_UNDECLARED_SELECTOR = YES;
				GCC_WARN_UNINITIALIZED_AUTOS = YES_AGGRESSIVE;
				GCC_WARN_UNUSED_FUNCTION = YES;
				GCC_WARN_UNUSED_VARIABLE = YES;
				IPHONEOS_DEPLOYMENT_TARGET = 14.5;
				MTL_ENABLE_DEBUG_INFO = INCLUDE_SOURCE;
				MTL_FAST_MATH = YES;
				ONLY_ACTIVE_ARCH = YES;
				SDKROOT = iphoneos;
				SWIFT_ACTIVE_COMPILATION_CONDITIONS = DEBUG;
				SWIFT_OPTIMIZATION_LEVEL = "-Onone";
			};
			name = Debug;
		};
		959C662C2652D8F1002B5FBF /* Release */ = {
			isa = XCBuildConfiguration;
			buildSettings = {
				ALWAYS_SEARCH_USER_PATHS = NO;
				CLANG_ANALYZER_NONNULL = YES;
				CLANG_ANALYZER_NUMBER_OBJECT_CONVERSION = YES_AGGRESSIVE;
				CLANG_CXX_LANGUAGE_STANDARD = "gnu++14";
				CLANG_CXX_LIBRARY = "libc++";
				CLANG_ENABLE_MODULES = YES;
				CLANG_ENABLE_OBJC_ARC = YES;
				CLANG_ENABLE_OBJC_WEAK = YES;
				CLANG_WARN_BLOCK_CAPTURE_AUTORELEASING = YES;
				CLANG_WARN_BOOL_CONVERSION = YES;
				CLANG_WARN_COMMA = YES;
				CLANG_WARN_CONSTANT_CONVERSION = YES;
				CLANG_WARN_DEPRECATED_OBJC_IMPLEMENTATIONS = YES;
				CLANG_WARN_DIRECT_OBJC_ISA_USAGE = YES_ERROR;
				CLANG_WARN_DOCUMENTATION_COMMENTS = YES;
				CLANG_WARN_EMPTY_BODY = YES;
				CLANG_WARN_ENUM_CONVERSION = YES;
				CLANG_WARN_INFINITE_RECURSION = YES;
				CLANG_WARN_INT_CONVERSION = YES;
				CLANG_WARN_NON_LITERAL_NULL_CONVERSION = YES;
				CLANG_WARN_OBJC_IMPLICIT_RETAIN_SELF = YES;
				CLANG_WARN_OBJC_LITERAL_CONVERSION = YES;
				CLANG_WARN_OBJC_ROOT_CLASS = YES_ERROR;
				CLANG_WARN_QUOTED_INCLUDE_IN_FRAMEWORK_HEADER = YES;
				CLANG_WARN_RANGE_LOOP_ANALYSIS = YES;
				CLANG_WARN_STRICT_PROTOTYPES = YES;
				CLANG_WARN_SUSPICIOUS_MOVE = YES;
				CLANG_WARN_UNGUARDED_AVAILABILITY = YES_AGGRESSIVE;
				CLANG_WARN_UNREACHABLE_CODE = YES;
				CLANG_WARN__DUPLICATE_METHOD_MATCH = YES;
				COPY_PHASE_STRIP = NO;
				DEBUG_INFORMATION_FORMAT = "dwarf-with-dsym";
				ENABLE_NS_ASSERTIONS = NO;
				ENABLE_STRICT_OBJC_MSGSEND = YES;
				GCC_C_LANGUAGE_STANDARD = gnu11;
				GCC_NO_COMMON_BLOCKS = YES;
				GCC_WARN_64_TO_32_BIT_CONVERSION = YES;
				GCC_WARN_ABOUT_RETURN_TYPE = YES_ERROR;
				GCC_WARN_UNDECLARED_SELECTOR = YES;
				GCC_WARN_UNINITIALIZED_AUTOS = YES_AGGRESSIVE;
				GCC_WARN_UNUSED_FUNCTION = YES;
				GCC_WARN_UNUSED_VARIABLE = YES;
				IPHONEOS_DEPLOYMENT_TARGET = 14.5;
				MTL_ENABLE_DEBUG_INFO = NO;
				MTL_FAST_MATH = YES;
				SDKROOT = iphoneos;
				SWIFT_COMPILATION_MODE = wholemodule;
				SWIFT_OPTIMIZATION_LEVEL = "-O";
				VALIDATE_PRODUCT = YES;
			};
			name = Release;
		};
		959C662E2652D8F1002B5FBF /* Debug */ = {
			isa = XCBuildConfiguration;
			buildSettings = {
				ASSETCATALOG_COMPILER_APPICON_NAME = AppIcon;
				ASSETCATALOG_COMPILER_GLOBAL_ACCENT_COLOR_NAME = AccentColor;
				CODE_SIGN_STYLE = Automatic;
				DEVELOPMENT_ASSET_PATHS = "\"ApuntesDeClase/Preview Content\"";
				DEVELOPMENT_TEAM = CCGZFCU763;
				ENABLE_PREVIEWS = YES;
				INFOPLIST_FILE = ApuntesDeClase/Info.plist;
				IPHONEOS_DEPLOYMENT_TARGET = 14.0;
				LD_RUNPATH_SEARCH_PATHS = (
					"$(inherited)",
					"@executable_path/Frameworks",
				);
				PRODUCT_BUNDLE_IDENTIFIER = com.albertgil.ApuntesDeClase;
				PRODUCT_NAME = "$(TARGET_NAME)";
				SWIFT_VERSION = 5.0;
				TARGETED_DEVICE_FAMILY = "1,2";
			};
			name = Debug;
		};
		959C662F2652D8F1002B5FBF /* Release */ = {
			isa = XCBuildConfiguration;
			buildSettings = {
				ASSETCATALOG_COMPILER_APPICON_NAME = AppIcon;
				ASSETCATALOG_COMPILER_GLOBAL_ACCENT_COLOR_NAME = AccentColor;
				CODE_SIGN_STYLE = Automatic;
				DEVELOPMENT_ASSET_PATHS = "\"ApuntesDeClase/Preview Content\"";
				DEVELOPMENT_TEAM = CCGZFCU763;
				ENABLE_PREVIEWS = YES;
				INFOPLIST_FILE = ApuntesDeClase/Info.plist;
				IPHONEOS_DEPLOYMENT_TARGET = 14.0;
				LD_RUNPATH_SEARCH_PATHS = (
					"$(inherited)",
					"@executable_path/Frameworks",
				);
				PRODUCT_BUNDLE_IDENTIFIER = com.albertgil.ApuntesDeClase;
				PRODUCT_NAME = "$(TARGET_NAME)";
				SWIFT_VERSION = 5.0;
				TARGETED_DEVICE_FAMILY = "1,2";
			};
			name = Release;
		};
		959C66312652D8F1002B5FBF /* Debug */ = {
			isa = XCBuildConfiguration;
			buildSettings = {
				ALWAYS_EMBED_SWIFT_STANDARD_LIBRARIES = YES;
				BUNDLE_LOADER = "$(TEST_HOST)";
				CODE_SIGN_STYLE = Automatic;
				DEVELOPMENT_TEAM = CCGZFCU763;
				INFOPLIST_FILE = ApuntesDeClaseTests/Info.plist;
				IPHONEOS_DEPLOYMENT_TARGET = 14.0;
				LD_RUNPATH_SEARCH_PATHS = (
					"$(inherited)",
					"@executable_path/Frameworks",
					"@loader_path/Frameworks",
				);
				PRODUCT_BUNDLE_IDENTIFIER = com.albertgil.ApuntesDeClaseTests;
				PRODUCT_NAME = "$(TARGET_NAME)";
				SWIFT_VERSION = 5.0;
				TARGETED_DEVICE_FAMILY = "1,2";
				TEST_HOST = "$(BUILT_PRODUCTS_DIR)/ApuntesDeClase.app/ApuntesDeClase";
			};
			name = Debug;
		};
		959C66322652D8F1002B5FBF /* Release */ = {
			isa = XCBuildConfiguration;
			buildSettings = {
				ALWAYS_EMBED_SWIFT_STANDARD_LIBRARIES = YES;
				BUNDLE_LOADER = "$(TEST_HOST)";
				CODE_SIGN_STYLE = Automatic;
				DEVELOPMENT_TEAM = CCGZFCU763;
				INFOPLIST_FILE = ApuntesDeClaseTests/Info.plist;
				IPHONEOS_DEPLOYMENT_TARGET = 14.0;
				LD_RUNPATH_SEARCH_PATHS = (
					"$(inherited)",
					"@executable_path/Frameworks",
					"@loader_path/Frameworks",
				);
				PRODUCT_BUNDLE_IDENTIFIER = com.albertgil.ApuntesDeClaseTests;
				PRODUCT_NAME = "$(TARGET_NAME)";
				SWIFT_VERSION = 5.0;
				TARGETED_DEVICE_FAMILY = "1,2";
				TEST_HOST = "$(BUILT_PRODUCTS_DIR)/ApuntesDeClase.app/ApuntesDeClase";
			};
			name = Release;
		};
		959C66342652D8F1002B5FBF /* Debug */ = {
			isa = XCBuildConfiguration;
			buildSettings = {
				ALWAYS_EMBED_SWIFT_STANDARD_LIBRARIES = YES;
				CODE_SIGN_STYLE = Automatic;
				DEVELOPMENT_TEAM = CCGZFCU763;
				INFOPLIST_FILE = ApuntesDeClaseUITests/Info.plist;
				LD_RUNPATH_SEARCH_PATHS = (
					"$(inherited)",
					"@executable_path/Frameworks",
					"@loader_path/Frameworks",
				);
				PRODUCT_BUNDLE_IDENTIFIER = com.albertgil.ApuntesDeClaseUITests;
				PRODUCT_NAME = "$(TARGET_NAME)";
				SWIFT_VERSION = 5.0;
				TARGETED_DEVICE_FAMILY = "1,2";
				TEST_TARGET_NAME = ApuntesDeClase;
			};
			name = Debug;
		};
		959C66352652D8F1002B5FBF /* Release */ = {
			isa = XCBuildConfiguration;
			buildSettings = {
				ALWAYS_EMBED_SWIFT_STANDARD_LIBRARIES = YES;
				CODE_SIGN_STYLE = Automatic;
				DEVELOPMENT_TEAM = CCGZFCU763;
				INFOPLIST_FILE = ApuntesDeClaseUITests/Info.plist;
				LD_RUNPATH_SEARCH_PATHS = (
					"$(inherited)",
					"@executable_path/Frameworks",
					"@loader_path/Frameworks",
				);
				PRODUCT_BUNDLE_IDENTIFIER = com.albertgil.ApuntesDeClaseUITests;
				PRODUCT_NAME = "$(TARGET_NAME)";
				SWIFT_VERSION = 5.0;
				TARGETED_DEVICE_FAMILY = "1,2";
				TEST_TARGET_NAME = ApuntesDeClase;
			};
			name = Release;
		};
/* End XCBuildConfiguration section */

/* Begin XCConfigurationList section */
		959C66032652D8F0002B5FBF /* Build configuration list for PBXProject "ApuntesDeClase" */ = {
			isa = XCConfigurationList;
			buildConfigurations = (
				959C662B2652D8F1002B5FBF /* Debug */,
				959C662C2652D8F1002B5FBF /* Release */,
			);
			defaultConfigurationIsVisible = 0;
			defaultConfigurationName = Release;
		};
		959C662D2652D8F1002B5FBF /* Build configuration list for PBXNativeTarget "ApuntesDeClase" */ = {
			isa = XCConfigurationList;
			buildConfigurations = (
				959C662E2652D8F1002B5FBF /* Debug */,
				959C662F2652D8F1002B5FBF /* Release */,
			);
			defaultConfigurationIsVisible = 0;
			defaultConfigurationName = Release;
		};
		959C66302652D8F1002B5FBF /* Build configuration list for PBXNativeTarget "ApuntesDeClaseTests" */ = {
			isa = XCConfigurationList;
			buildConfigurations = (
				959C66312652D8F1002B5FBF /* Debug */,
				959C66322652D8F1002B5FBF /* Release */,
			);
			defaultConfigurationIsVisible = 0;
			defaultConfigurationName = Release;
		};
		959C66332652D8F1002B5FBF /* Build configuration list for PBXNativeTarget "ApuntesDeClaseUITests" */ = {
			isa = XCConfigurationList;
			buildConfigurations = (
				959C66342652D8F1002B5FBF /* Debug */,
				959C66352652D8F1002B5FBF /* Release */,
			);
			defaultConfigurationIsVisible = 0;
			defaultConfigurationName = Release;
		};
/* End XCConfigurationList section */
	};
	rootObject = 959C66002652D8F0002B5FBF /* Project object */;
}
